// !$*UTF8*$!
{
	archiveVersion = 1;
	classes = {
	};
	objectVersion = 46;
	objects = {

/* Begin PBXBuildFile section */
		81D3E0F0D1B39B8CBA92ABEC /* libPods-ChoreWars.a in Frameworks */ = {isa = PBXBuildFile; fileRef = 1EEA9DF97004FA9FD1E44B65 /* libPods-ChoreWars.a */; };
		C31AC8AA1B7D311F0077F20B /* CoreDataManager.m in Sources */ = {isa = PBXBuildFile; fileRef = C31AC8A91B7D311F0077F20B /* CoreDataManager.m */; };
		C3207AE11B82915F0066F4E8 /* LoginViewController.m in Sources */ = {isa = PBXBuildFile; fileRef = C3207AE01B82915F0066F4E8 /* LoginViewController.m */; };
		C3207AE41B82A4C30066F4E8 /* ManageRoommatesViewController.m in Sources */ = {isa = PBXBuildFile; fileRef = C3207AE31B82A4C30066F4E8 /* ManageRoommatesViewController.m */; };
		C3207AE71B82C4760066F4E8 /* NewRoommateViewController.m in Sources */ = {isa = PBXBuildFile; fileRef = C3207AE61B82C4760066F4E8 /* NewRoommateViewController.m */; };
		C3207AED1B855FF90066F4E8 /* TeamView.m in Sources */ = {isa = PBXBuildFile; fileRef = C3207AEC1B855FF90066F4E8 /* TeamView.m */; };
		C34D3AE91B91765A0018B5BA /* TeamPickChoresViewController.m in Sources */ = {isa = PBXBuildFile; fileRef = C34D3AE81B91765A0018B5BA /* TeamPickChoresViewController.m */; settings = {ASSET_TAGS = (); }; };
		C34D3AEC1B9178FF0018B5BA /* TeamStartCompetitionViewController.m in Sources */ = {isa = PBXBuildFile; fileRef = C34D3AEB1B9178FF0018B5BA /* TeamStartCompetitionViewController.m */; settings = {ASSET_TAGS = (); }; };
		C34D3AEF1B917F9E0018B5BA /* TeamNewChoreViewController.m in Sources */ = {isa = PBXBuildFile; fileRef = C34D3AEE1B917F9E0018B5BA /* TeamNewChoreViewController.m */; settings = {ASSET_TAGS = (); }; };
		C36B4A861B786D120040FDF0 /* main.m in Sources */ = {isa = PBXBuildFile; fileRef = C36B4A851B786D120040FDF0 /* main.m */; };
		C36B4A891B786D120040FDF0 /* AppDelegate.m in Sources */ = {isa = PBXBuildFile; fileRef = C36B4A881B786D120040FDF0 /* AppDelegate.m */; };
		C36B4A8C1B786D120040FDF0 /* TeamHomeViewController.m in Sources */ = {isa = PBXBuildFile; fileRef = C36B4A8B1B786D120040FDF0 /* TeamHomeViewController.m */; };
		C36B4A8F1B786D120040FDF0 /* Main.storyboard in Resources */ = {isa = PBXBuildFile; fileRef = C36B4A8D1B786D120040FDF0 /* Main.storyboard */; };
		C36B4A921B786D120040FDF0 /* ChoreWars.xcdatamodeld in Sources */ = {isa = PBXBuildFile; fileRef = C36B4A901B786D120040FDF0 /* ChoreWars.xcdatamodeld */; };
		C36B4A941B786D120040FDF0 /* Assets.xcassets in Resources */ = {isa = PBXBuildFile; fileRef = C36B4A931B786D120040FDF0 /* Assets.xcassets */; };
		C36B4A971B786D120040FDF0 /* LaunchScreen.storyboard in Resources */ = {isa = PBXBuildFile; fileRef = C36B4A951B786D120040FDF0 /* LaunchScreen.storyboard */; };
		C36B4AA21B786D120040FDF0 /* ChoreWarsTests.m in Sources */ = {isa = PBXBuildFile; fileRef = C36B4AA11B786D120040FDF0 /* ChoreWarsTests.m */; };
		C36B4AAD1B786D120040FDF0 /* ChoreWarsUITests.m in Sources */ = {isa = PBXBuildFile; fileRef = C36B4AAC1B786D120040FDF0 /* ChoreWarsUITests.m */; };
		C36B4ABC1B786FEE0040FDF0 /* EntityView.m in Sources */ = {isa = PBXBuildFile; fileRef = C36B4ABB1B786FEE0040FDF0 /* EntityView.m */; };
		C3948B7F1BAA540F006528C9 /* TeamAssignedChoresTableViewController.m in Sources */ = {isa = PBXBuildFile; fileRef = C3948B7E1BAA540F006528C9 /* TeamAssignedChoresTableViewController.m */; settings = {ASSET_TAGS = (); }; };
		C3F853171BA3A56700007F57 /* Roommate+CoreDataProperties.m in Sources */ = {isa = PBXBuildFile; fileRef = C3F853081BA3A56700007F57 /* Roommate+CoreDataProperties.m */; settings = {ASSET_TAGS = (); }; };
		C3F853181BA3A56700007F57 /* Roommate.m in Sources */ = {isa = PBXBuildFile; fileRef = C3F8530A1BA3A56700007F57 /* Roommate.m */; settings = {ASSET_TAGS = (); }; };
		C3F853191BA3A56700007F57 /* Competition+CoreDataProperties.m in Sources */ = {isa = PBXBuildFile; fileRef = C3F8530C1BA3A56700007F57 /* Competition+CoreDataProperties.m */; settings = {ASSET_TAGS = (); }; };
		C3F8531A1BA3A56700007F57 /* Competition.m in Sources */ = {isa = PBXBuildFile; fileRef = C3F8530E1BA3A56700007F57 /* Competition.m */; settings = {ASSET_TAGS = (); }; };
		C3F8531B1BA3A56700007F57 /* Team+CoreDataProperties.m in Sources */ = {isa = PBXBuildFile; fileRef = C3F853101BA3A56700007F57 /* Team+CoreDataProperties.m */; settings = {ASSET_TAGS = (); }; };
		C3F8531C1BA3A56700007F57 /* Team.m in Sources */ = {isa = PBXBuildFile; fileRef = C3F853121BA3A56700007F57 /* Team.m */; settings = {ASSET_TAGS = (); }; };
		C3F8531D1BA3A56700007F57 /* Chore+CoreDataProperties.m in Sources */ = {isa = PBXBuildFile; fileRef = C3F853141BA3A56700007F57 /* Chore+CoreDataProperties.m */; settings = {ASSET_TAGS = (); }; };
		C3F8531E1BA3A56700007F57 /* Chore.m in Sources */ = {isa = PBXBuildFile; fileRef = C3F853161BA3A56700007F57 /* Chore.m */; settings = {ASSET_TAGS = (); }; };
		C3F853211BA3AA8800007F57 /* ManageEntitiesViewController.m in Sources */ = {isa = PBXBuildFile; fileRef = C3F853201BA3AA8800007F57 /* ManageEntitiesViewController.m */; settings = {ASSET_TAGS = (); }; };
/* End PBXBuildFile section */

/* Begin PBXContainerItemProxy section */
		C36B4A9E1B786D120040FDF0 /* PBXContainerItemProxy */ = {
			isa = PBXContainerItemProxy;
			containerPortal = C36B4A791B786D110040FDF0 /* Project object */;
			proxyType = 1;
			remoteGlobalIDString = C36B4A801B786D110040FDF0;
			remoteInfo = ChoreWars;
		};
		C36B4AA91B786D120040FDF0 /* PBXContainerItemProxy */ = {
			isa = PBXContainerItemProxy;
			containerPortal = C36B4A791B786D110040FDF0 /* Project object */;
			proxyType = 1;
			remoteGlobalIDString = C36B4A801B786D110040FDF0;
			remoteInfo = ChoreWars;
		};
/* End PBXContainerItemProxy section */

/* Begin PBXFileReference section */
		179C6B3F426472528DF2FF0B /* Pods-ChoreWars.debug.xcconfig */ = {isa = PBXFileReference; includeInIndex = 1; lastKnownFileType = text.xcconfig; name = "Pods-ChoreWars.debug.xcconfig"; path = "Pods/Target Support Files/Pods-ChoreWars/Pods-ChoreWars.debug.xcconfig"; sourceTree = "<group>"; };
		1EEA9DF97004FA9FD1E44B65 /* libPods-ChoreWars.a */ = {isa = PBXFileReference; explicitFileType = archive.ar; includeInIndex = 0; path = "libPods-ChoreWars.a"; sourceTree = BUILT_PRODUCTS_DIR; };
		A6189DE67F848FD886C8985A /* Pods-ChoreWars.release.xcconfig */ = {isa = PBXFileReference; includeInIndex = 1; lastKnownFileType = text.xcconfig; name = "Pods-ChoreWars.release.xcconfig"; path = "Pods/Target Support Files/Pods-ChoreWars/Pods-ChoreWars.release.xcconfig"; sourceTree = "<group>"; };
		C31AC8A81B7D311F0077F20B /* CoreDataManager.h */ = {isa = PBXFileReference; fileEncoding = 4; lastKnownFileType = sourcecode.c.h; name = CoreDataManager.h; path = ChoreWars/CoreDataManager.h; sourceTree = "<group>"; };
		C31AC8A91B7D311F0077F20B /* CoreDataManager.m */ = {isa = PBXFileReference; fileEncoding = 4; lastKnownFileType = sourcecode.c.objc; name = CoreDataManager.m; path = ChoreWars/CoreDataManager.m; sourceTree = "<group>"; };
		C3207ADF1B82915F0066F4E8 /* LoginViewController.h */ = {isa = PBXFileReference; fileEncoding = 4; lastKnownFileType = sourcecode.c.h; path = LoginViewController.h; sourceTree = "<group>"; };
		C3207AE01B82915F0066F4E8 /* LoginViewController.m */ = {isa = PBXFileReference; fileEncoding = 4; lastKnownFileType = sourcecode.c.objc; path = LoginViewController.m; sourceTree = "<group>"; };
		C3207AE21B82A4C30066F4E8 /* ManageRoommatesViewController.h */ = {isa = PBXFileReference; fileEncoding = 4; lastKnownFileType = sourcecode.c.h; path = ManageRoommatesViewController.h; sourceTree = "<group>"; };
		C3207AE31B82A4C30066F4E8 /* ManageRoommatesViewController.m */ = {isa = PBXFileReference; fileEncoding = 4; lastKnownFileType = sourcecode.c.objc; path = ManageRoommatesViewController.m; sourceTree = "<group>"; };
		C3207AE51B82C4760066F4E8 /* NewRoommateViewController.h */ = {isa = PBXFileReference; fileEncoding = 4; lastKnownFileType = sourcecode.c.h; path = NewRoommateViewController.h; sourceTree = "<group>"; };
		C3207AE61B82C4760066F4E8 /* NewRoommateViewController.m */ = {isa = PBXFileReference; fileEncoding = 4; lastKnownFileType = sourcecode.c.objc; path = NewRoommateViewController.m; sourceTree = "<group>"; };
		C3207AEB1B855FF90066F4E8 /* TeamView.h */ = {isa = PBXFileReference; fileEncoding = 4; lastKnownFileType = sourcecode.c.h; path = TeamView.h; sourceTree = "<group>"; };
		C3207AEC1B855FF90066F4E8 /* TeamView.m */ = {isa = PBXFileReference; fileEncoding = 4; lastKnownFileType = sourcecode.c.objc; path = TeamView.m; sourceTree = "<group>"; };
		C34D3AE71B91765A0018B5BA /* TeamPickChoresViewController.h */ = {isa = PBXFileReference; fileEncoding = 4; lastKnownFileType = sourcecode.c.h; path = TeamPickChoresViewController.h; sourceTree = "<group>"; };
		C34D3AE81B91765A0018B5BA /* TeamPickChoresViewController.m */ = {isa = PBXFileReference; fileEncoding = 4; lastKnownFileType = sourcecode.c.objc; path = TeamPickChoresViewController.m; sourceTree = "<group>"; };
		C34D3AEA1B9178FF0018B5BA /* TeamStartCompetitionViewController.h */ = {isa = PBXFileReference; fileEncoding = 4; lastKnownFileType = sourcecode.c.h; path = TeamStartCompetitionViewController.h; sourceTree = "<group>"; };
		C34D3AEB1B9178FF0018B5BA /* TeamStartCompetitionViewController.m */ = {isa = PBXFileReference; fileEncoding = 4; lastKnownFileType = sourcecode.c.objc; path = TeamStartCompetitionViewController.m; sourceTree = "<group>"; };
		C34D3AED1B917F9E0018B5BA /* TeamNewChoreViewController.h */ = {isa = PBXFileReference; fileEncoding = 4; lastKnownFileType = sourcecode.c.h; path = TeamNewChoreViewController.h; sourceTree = "<group>"; };
		C34D3AEE1B917F9E0018B5BA /* TeamNewChoreViewController.m */ = {isa = PBXFileReference; fileEncoding = 4; lastKnownFileType = sourcecode.c.objc; path = TeamNewChoreViewController.m; sourceTree = "<group>"; };
		C36B4A811B786D120040FDF0 /* ChoreWars.app */ = {isa = PBXFileReference; explicitFileType = wrapper.application; includeInIndex = 0; path = ChoreWars.app; sourceTree = BUILT_PRODUCTS_DIR; };
		C36B4A851B786D120040FDF0 /* main.m */ = {isa = PBXFileReference; lastKnownFileType = sourcecode.c.objc; path = main.m; sourceTree = "<group>"; };
		C36B4A871B786D120040FDF0 /* AppDelegate.h */ = {isa = PBXFileReference; lastKnownFileType = sourcecode.c.h; path = AppDelegate.h; sourceTree = "<group>"; };
		C36B4A881B786D120040FDF0 /* AppDelegate.m */ = {isa = PBXFileReference; lastKnownFileType = sourcecode.c.objc; path = AppDelegate.m; sourceTree = "<group>"; };
		C36B4A8A1B786D120040FDF0 /* TeamHomeViewController.h */ = {isa = PBXFileReference; lastKnownFileType = sourcecode.c.h; path = TeamHomeViewController.h; sourceTree = "<group>"; };
		C36B4A8B1B786D120040FDF0 /* TeamHomeViewController.m */ = {isa = PBXFileReference; lastKnownFileType = sourcecode.c.objc; path = TeamHomeViewController.m; sourceTree = "<group>"; };
		C36B4A8E1B786D120040FDF0 /* Base */ = {isa = PBXFileReference; lastKnownFileType = file.storyboard; name = Base; path = Base.lproj/Main.storyboard; sourceTree = "<group>"; };
		C36B4A911B786D120040FDF0 /* ChoreWars.xcdatamodel */ = {isa = PBXFileReference; lastKnownFileType = wrapper.xcdatamodel; path = ChoreWars.xcdatamodel; sourceTree = "<group>"; };
		C36B4A931B786D120040FDF0 /* Assets.xcassets */ = {isa = PBXFileReference; lastKnownFileType = folder.assetcatalog; path = Assets.xcassets; sourceTree = "<group>"; };
		C36B4A961B786D120040FDF0 /* Base */ = {isa = PBXFileReference; lastKnownFileType = file.storyboard; name = Base; path = Base.lproj/LaunchScreen.storyboard; sourceTree = "<group>"; };
		C36B4A981B786D120040FDF0 /* Info.plist */ = {isa = PBXFileReference; lastKnownFileType = text.plist.xml; path = Info.plist; sourceTree = "<group>"; };
		C36B4A9D1B786D120040FDF0 /* ChoreWarsTests.xctest */ = {isa = PBXFileReference; explicitFileType = wrapper.cfbundle; includeInIndex = 0; path = ChoreWarsTests.xctest; sourceTree = BUILT_PRODUCTS_DIR; };
		C36B4AA11B786D120040FDF0 /* ChoreWarsTests.m */ = {isa = PBXFileReference; lastKnownFileType = sourcecode.c.objc; path = ChoreWarsTests.m; sourceTree = "<group>"; };
		C36B4AA31B786D120040FDF0 /* Info.plist */ = {isa = PBXFileReference; lastKnownFileType = text.plist.xml; path = Info.plist; sourceTree = "<group>"; };
		C36B4AA81B786D120040FDF0 /* ChoreWarsUITests.xctest */ = {isa = PBXFileReference; explicitFileType = wrapper.cfbundle; includeInIndex = 0; path = ChoreWarsUITests.xctest; sourceTree = BUILT_PRODUCTS_DIR; };
		C36B4AAC1B786D120040FDF0 /* ChoreWarsUITests.m */ = {isa = PBXFileReference; lastKnownFileType = sourcecode.c.objc; path = ChoreWarsUITests.m; sourceTree = "<group>"; };
		C36B4AAE1B786D120040FDF0 /* Info.plist */ = {isa = PBXFileReference; lastKnownFileType = text.plist.xml; path = Info.plist; sourceTree = "<group>"; };
		C36B4ABA1B786FEE0040FDF0 /* EntityView.h */ = {isa = PBXFileReference; fileEncoding = 4; lastKnownFileType = sourcecode.c.h; path = EntityView.h; sourceTree = "<group>"; };
		C36B4ABB1B786FEE0040FDF0 /* EntityView.m */ = {isa = PBXFileReference; fileEncoding = 4; lastKnownFileType = sourcecode.c.objc; path = EntityView.m; sourceTree = "<group>"; };
		C3948B7D1BAA540F006528C9 /* TeamAssignedChoresTableViewController.h */ = {isa = PBXFileReference; fileEncoding = 4; lastKnownFileType = sourcecode.c.h; path = TeamAssignedChoresTableViewController.h; sourceTree = "<group>"; };
		C3948B7E1BAA540F006528C9 /* TeamAssignedChoresTableViewController.m */ = {isa = PBXFileReference; fileEncoding = 4; lastKnownFileType = sourcecode.c.objc; path = TeamAssignedChoresTableViewController.m; sourceTree = "<group>"; };
		C3F853071BA3A56700007F57 /* Roommate+CoreDataProperties.h */ = {isa = PBXFileReference; fileEncoding = 4; lastKnownFileType = sourcecode.c.h; path = "Roommate+CoreDataProperties.h"; sourceTree = "<group>"; };
		C3F853081BA3A56700007F57 /* Roommate+CoreDataProperties.m */ = {isa = PBXFileReference; fileEncoding = 4; lastKnownFileType = sourcecode.c.objc; path = "Roommate+CoreDataProperties.m"; sourceTree = "<group>"; };
		C3F853091BA3A56700007F57 /* Roommate.h */ = {isa = PBXFileReference; fileEncoding = 4; lastKnownFileType = sourcecode.c.h; path = Roommate.h; sourceTree = "<group>"; };
		C3F8530A1BA3A56700007F57 /* Roommate.m */ = {isa = PBXFileReference; fileEncoding = 4; lastKnownFileType = sourcecode.c.objc; path = Roommate.m; sourceTree = "<group>"; };
		C3F8530B1BA3A56700007F57 /* Competition+CoreDataProperties.h */ = {isa = PBXFileReference; fileEncoding = 4; lastKnownFileType = sourcecode.c.h; path = "Competition+CoreDataProperties.h"; sourceTree = "<group>"; };
		C3F8530C1BA3A56700007F57 /* Competition+CoreDataProperties.m */ = {isa = PBXFileReference; fileEncoding = 4; lastKnownFileType = sourcecode.c.objc; path = "Competition+CoreDataProperties.m"; sourceTree = "<group>"; };
		C3F8530D1BA3A56700007F57 /* Competition.h */ = {isa = PBXFileReference; fileEncoding = 4; lastKnownFileType = sourcecode.c.h; path = Competition.h; sourceTree = "<group>"; };
		C3F8530E1BA3A56700007F57 /* Competition.m */ = {isa = PBXFileReference; fileEncoding = 4; lastKnownFileType = sourcecode.c.objc; path = Competition.m; sourceTree = "<group>"; };
		C3F8530F1BA3A56700007F57 /* Team+CoreDataProperties.h */ = {isa = PBXFileReference; fileEncoding = 4; lastKnownFileType = sourcecode.c.h; path = "Team+CoreDataProperties.h"; sourceTree = "<group>"; };
		C3F853101BA3A56700007F57 /* Team+CoreDataProperties.m */ = {isa = PBXFileReference; fileEncoding = 4; lastKnownFileType = sourcecode.c.objc; path = "Team+CoreDataProperties.m"; sourceTree = "<group>"; };
		C3F853111BA3A56700007F57 /* Team.h */ = {isa = PBXFileReference; fileEncoding = 4; lastKnownFileType = sourcecode.c.h; path = Team.h; sourceTree = "<group>"; };
		C3F853121BA3A56700007F57 /* Team.m */ = {isa = PBXFileReference; fileEncoding = 4; lastKnownFileType = sourcecode.c.objc; path = Team.m; sourceTree = "<group>"; };
		C3F853131BA3A56700007F57 /* Chore+CoreDataProperties.h */ = {isa = PBXFileReference; fileEncoding = 4; lastKnownFileType = sourcecode.c.h; path = "Chore+CoreDataProperties.h"; sourceTree = "<group>"; };
		C3F853141BA3A56700007F57 /* Chore+CoreDataProperties.m */ = {isa = PBXFileReference; fileEncoding = 4; lastKnownFileType = sourcecode.c.objc; path = "Chore+CoreDataProperties.m"; sourceTree = "<group>"; };
		C3F853151BA3A56700007F57 /* Chore.h */ = {isa = PBXFileReference; fileEncoding = 4; lastKnownFileType = sourcecode.c.h; path = Chore.h; sourceTree = "<group>"; };
		C3F853161BA3A56700007F57 /* Chore.m */ = {isa = PBXFileReference; fileEncoding = 4; lastKnownFileType = sourcecode.c.objc; path = Chore.m; sourceTree = "<group>"; };
		C3F8531F1BA3AA8800007F57 /* ManageEntitiesViewController.h */ = {isa = PBXFileReference; fileEncoding = 4; lastKnownFileType = sourcecode.c.h; path = ManageEntitiesViewController.h; sourceTree = "<group>"; };
		C3F853201BA3AA8800007F57 /* ManageEntitiesViewController.m */ = {isa = PBXFileReference; fileEncoding = 4; lastKnownFileType = sourcecode.c.objc; path = ManageEntitiesViewController.m; sourceTree = "<group>"; };
/* End PBXFileReference section */

/* Begin PBXFrameworksBuildPhase section */
		C36B4A7E1B786D110040FDF0 /* Frameworks */ = {
			isa = PBXFrameworksBuildPhase;
			buildActionMask = 2147483647;
			files = (
				81D3E0F0D1B39B8CBA92ABEC /* libPods-ChoreWars.a in Frameworks */,
			);
			runOnlyForDeploymentPostprocessing = 0;
		};
		C36B4A9A1B786D120040FDF0 /* Frameworks */ = {
			isa = PBXFrameworksBuildPhase;
			buildActionMask = 2147483647;
			files = (
			);
			runOnlyForDeploymentPostprocessing = 0;
		};
		C36B4AA51B786D120040FDF0 /* Frameworks */ = {
			isa = PBXFrameworksBuildPhase;
			buildActionMask = 2147483647;
			files = (
			);
			runOnlyForDeploymentPostprocessing = 0;
		};
/* End PBXFrameworksBuildPhase section */

/* Begin PBXGroup section */
		C36B4A781B786D110040FDF0 = {
			isa = PBXGroup;
			children = (
				C3F853071BA3A56700007F57 /* Roommate+CoreDataProperties.h */,
				C3F853081BA3A56700007F57 /* Roommate+CoreDataProperties.m */,
				C3F853091BA3A56700007F57 /* Roommate.h */,
				C3F8530A1BA3A56700007F57 /* Roommate.m */,
				C3F8530B1BA3A56700007F57 /* Competition+CoreDataProperties.h */,
				C3F8530C1BA3A56700007F57 /* Competition+CoreDataProperties.m */,
				C3F8530D1BA3A56700007F57 /* Competition.h */,
				C3F8530E1BA3A56700007F57 /* Competition.m */,
				C3F8530F1BA3A56700007F57 /* Team+CoreDataProperties.h */,
				C3F853101BA3A56700007F57 /* Team+CoreDataProperties.m */,
				C3F853111BA3A56700007F57 /* Team.h */,
				C3F853121BA3A56700007F57 /* Team.m */,
				C3F853131BA3A56700007F57 /* Chore+CoreDataProperties.h */,
				C3F853141BA3A56700007F57 /* Chore+CoreDataProperties.m */,
				C3F853151BA3A56700007F57 /* Chore.h */,
				C3F853161BA3A56700007F57 /* Chore.m */,
				C31AC8A81B7D311F0077F20B /* CoreDataManager.h */,
				C31AC8A91B7D311F0077F20B /* CoreDataManager.m */,
				C36B4A901B786D120040FDF0 /* ChoreWars.xcdatamodeld */,
				C36B4A831B786D120040FDF0 /* ChoreWars */,
				C36B4AA01B786D120040FDF0 /* ChoreWarsTests */,
				C36B4AAB1B786D120040FDF0 /* ChoreWarsUITests */,
				C36B4A821B786D120040FDF0 /* Products */,
				F0892D1F1B265CDD5557A53C /* Pods */,
				D0F4267A35772DF1CCA3410A /* Frameworks */,
			);
			sourceTree = "<group>";
		};
		C36B4A821B786D120040FDF0 /* Products */ = {
			isa = PBXGroup;
			children = (
				C36B4A811B786D120040FDF0 /* ChoreWars.app */,
				C36B4A9D1B786D120040FDF0 /* ChoreWarsTests.xctest */,
				C36B4AA81B786D120040FDF0 /* ChoreWarsUITests.xctest */,
			);
			name = Products;
			sourceTree = "<group>";
		};
		C36B4A831B786D120040FDF0 /* ChoreWars */ = {
			isa = PBXGroup;
			children = (
				C36B4A871B786D120040FDF0 /* AppDelegate.h */,
				C36B4A881B786D120040FDF0 /* AppDelegate.m */,
				C36B4ABA1B786FEE0040FDF0 /* EntityView.h */,
				C36B4ABB1B786FEE0040FDF0 /* EntityView.m */,
				C3207AEB1B855FF90066F4E8 /* TeamView.h */,
				C3207AEC1B855FF90066F4E8 /* TeamView.m */,
				C3207AE51B82C4760066F4E8 /* NewRoommateViewController.h */,
				C3207AE61B82C4760066F4E8 /* NewRoommateViewController.m */,
				C3207AE21B82A4C30066F4E8 /* ManageRoommatesViewController.h */,
				C3207AE31B82A4C30066F4E8 /* ManageRoommatesViewController.m */,
				C3F8531F1BA3AA8800007F57 /* ManageEntitiesViewController.h */,
				C3F853201BA3AA8800007F57 /* ManageEntitiesViewController.m */,
				C3207ADF1B82915F0066F4E8 /* LoginViewController.h */,
				C3207AE01B82915F0066F4E8 /* LoginViewController.m */,
				C36B4A8A1B786D120040FDF0 /* TeamHomeViewController.h */,
				C36B4A8B1B786D120040FDF0 /* TeamHomeViewController.m */,
				C34D3AE71B91765A0018B5BA /* TeamPickChoresViewController.h */,
				C34D3AE81B91765A0018B5BA /* TeamPickChoresViewController.m */,
				C34D3AEA1B9178FF0018B5BA /* TeamStartCompetitionViewController.h */,
				C34D3AEB1B9178FF0018B5BA /* TeamStartCompetitionViewController.m */,
				C34D3AED1B917F9E0018B5BA /* TeamNewChoreViewController.h */,
				C34D3AEE1B917F9E0018B5BA /* TeamNewChoreViewController.m */,
				C3948B7D1BAA540F006528C9 /* TeamAssignedChoresTableViewController.h */,
				C3948B7E1BAA540F006528C9 /* TeamAssignedChoresTableViewController.m */,
				C36B4A8D1B786D120040FDF0 /* Main.storyboard */,
				C36B4A931B786D120040FDF0 /* Assets.xcassets */,
				C36B4A951B786D120040FDF0 /* LaunchScreen.storyboard */,
				C36B4A981B786D120040FDF0 /* Info.plist */,
				C36B4A841B786D120040FDF0 /* Supporting Files */,
			);
			path = ChoreWars;
			sourceTree = "<group>";
		};
		C36B4A841B786D120040FDF0 /* Supporting Files */ = {
			isa = PBXGroup;
			children = (
				C36B4A851B786D120040FDF0 /* main.m */,
			);
			name = "Supporting Files";
			sourceTree = "<group>";
		};
		C36B4AA01B786D120040FDF0 /* ChoreWarsTests */ = {
			isa = PBXGroup;
			children = (
				C36B4AA11B786D120040FDF0 /* ChoreWarsTests.m */,
				C36B4AA31B786D120040FDF0 /* Info.plist */,
			);
			path = ChoreWarsTests;
			sourceTree = "<group>";
		};
		C36B4AAB1B786D120040FDF0 /* ChoreWarsUITests */ = {
			isa = PBXGroup;
			children = (
				C36B4AAC1B786D120040FDF0 /* ChoreWarsUITests.m */,
				C36B4AAE1B786D120040FDF0 /* Info.plist */,
			);
			path = ChoreWarsUITests;
			sourceTree = "<group>";
		};
		D0F4267A35772DF1CCA3410A /* Frameworks */ = {
			isa = PBXGroup;
			children = (
				1EEA9DF97004FA9FD1E44B65 /* libPods-ChoreWars.a */,
			);
			name = Frameworks;
			sourceTree = "<group>";
		};
		F0892D1F1B265CDD5557A53C /* Pods */ = {
			isa = PBXGroup;
			children = (
				179C6B3F426472528DF2FF0B /* Pods-ChoreWars.debug.xcconfig */,
				A6189DE67F848FD886C8985A /* Pods-ChoreWars.release.xcconfig */,
			);
			name = Pods;
			sourceTree = "<group>";
		};
/* End PBXGroup section */

/* Begin PBXNativeTarget section */
		C36B4A801B786D110040FDF0 /* ChoreWars */ = {
			isa = PBXNativeTarget;
			buildConfigurationList = C36B4AB11B786D120040FDF0 /* Build configuration list for PBXNativeTarget "ChoreWars" */;
			buildPhases = (
				9768A6A9720F575AA34931CA /* Check Pods Manifest.lock */,
				C36B4A7D1B786D110040FDF0 /* Sources */,
				C36B4A7E1B786D110040FDF0 /* Frameworks */,
				C36B4A7F1B786D110040FDF0 /* Resources */,
				115BD879E8F4458211068928 /* Copy Pods Resources */,
			);
			buildRules = (
			);
			dependencies = (
			);
			name = ChoreWars;
			productName = ChoreWars;
			productReference = C36B4A811B786D120040FDF0 /* ChoreWars.app */;
			productType = "com.apple.product-type.application";
		};
		C36B4A9C1B786D120040FDF0 /* ChoreWarsTests */ = {
			isa = PBXNativeTarget;
			buildConfigurationList = C36B4AB41B786D120040FDF0 /* Build configuration list for PBXNativeTarget "ChoreWarsTests" */;
			buildPhases = (
				C36B4A991B786D120040FDF0 /* Sources */,
				C36B4A9A1B786D120040FDF0 /* Frameworks */,
				C36B4A9B1B786D120040FDF0 /* Resources */,
			);
			buildRules = (
			);
			dependencies = (
				C36B4A9F1B786D120040FDF0 /* PBXTargetDependency */,
			);
			name = ChoreWarsTests;
			productName = ChoreWarsTests;
			productReference = C36B4A9D1B786D120040FDF0 /* ChoreWarsTests.xctest */;
			productType = "com.apple.product-type.bundle.unit-test";
		};
		C36B4AA71B786D120040FDF0 /* ChoreWarsUITests */ = {
			isa = PBXNativeTarget;
			buildConfigurationList = C36B4AB71B786D120040FDF0 /* Build configuration list for PBXNativeTarget "ChoreWarsUITests" */;
			buildPhases = (
				C36B4AA41B786D120040FDF0 /* Sources */,
				C36B4AA51B786D120040FDF0 /* Frameworks */,
				C36B4AA61B786D120040FDF0 /* Resources */,
			);
			buildRules = (
			);
			dependencies = (
				C36B4AAA1B786D120040FDF0 /* PBXTargetDependency */,
			);
			name = ChoreWarsUITests;
			productName = ChoreWarsUITests;
			productReference = C36B4AA81B786D120040FDF0 /* ChoreWarsUITests.xctest */;
			productType = "com.apple.product-type.bundle.ui-testing";
		};
/* End PBXNativeTarget section */

/* Begin PBXProject section */
		C36B4A791B786D110040FDF0 /* Project object */ = {
			isa = PBXProject;
			attributes = {
				LastUpgradeCheck = 0700;
				ORGANIZATIONNAME = madebydouglas;
				TargetAttributes = {
					C36B4A801B786D110040FDF0 = {
						CreatedOnToolsVersion = 7.0;
						DevelopmentTeam = 68KS6FN57P;
						SystemCapabilities = {
							com.apple.Push = {
								enabled = 1;
							};
						};
					};
					C36B4A9C1B786D120040FDF0 = {
						CreatedOnToolsVersion = 7.0;
						TestTargetID = C36B4A801B786D110040FDF0;
					};
					C36B4AA71B786D120040FDF0 = {
						CreatedOnToolsVersion = 7.0;
						TestTargetID = C36B4A801B786D110040FDF0;
					};
				};
			};
			buildConfigurationList = C36B4A7C1B786D110040FDF0 /* Build configuration list for PBXProject "ChoreWars" */;
			compatibilityVersion = "Xcode 3.2";
			developmentRegion = English;
			hasScannedForEncodings = 0;
			knownRegions = (
				en,
				Base,
			);
			mainGroup = C36B4A781B786D110040FDF0;
			productRefGroup = C36B4A821B786D120040FDF0 /* Products */;
			projectDirPath = "";
			projectRoot = "";
			targets = (
				C36B4A801B786D110040FDF0 /* ChoreWars */,
				C36B4A9C1B786D120040FDF0 /* ChoreWarsTests */,
				C36B4AA71B786D120040FDF0 /* ChoreWarsUITests */,
			);
		};
/* End PBXProject section */

/* Begin PBXResourcesBuildPhase section */
		C36B4A7F1B786D110040FDF0 /* Resources */ = {
			isa = PBXResourcesBuildPhase;
			buildActionMask = 2147483647;
			files = (
				C36B4A971B786D120040FDF0 /* LaunchScreen.storyboard in Resources */,
				C36B4A941B786D120040FDF0 /* Assets.xcassets in Resources */,
				C36B4A8F1B786D120040FDF0 /* Main.storyboard in Resources */,
			);
			runOnlyForDeploymentPostprocessing = 0;
		};
		C36B4A9B1B786D120040FDF0 /* Resources */ = {
			isa = PBXResourcesBuildPhase;
			buildActionMask = 2147483647;
			files = (
			);
			runOnlyForDeploymentPostprocessing = 0;
		};
		C36B4AA61B786D120040FDF0 /* Resources */ = {
			isa = PBXResourcesBuildPhase;
			buildActionMask = 2147483647;
			files = (
			);
			runOnlyForDeploymentPostprocessing = 0;
		};
/* End PBXResourcesBuildPhase section */

/* Begin PBXShellScriptBuildPhase section */
		115BD879E8F4458211068928 /* Copy Pods Resources */ = {
			isa = PBXShellScriptBuildPhase;
			buildActionMask = 2147483647;
			files = (
			);
			inputPaths = (
			);
			name = "Copy Pods Resources";
			outputPaths = (
			);
			runOnlyForDeploymentPostprocessing = 0;
			shellPath = /bin/sh;
			shellScript = "\"${SRCROOT}/Pods/Target Support Files/Pods-ChoreWars/Pods-ChoreWars-resources.sh\"\n";
			showEnvVarsInLog = 0;
		};
		9768A6A9720F575AA34931CA /* Check Pods Manifest.lock */ = {
			isa = PBXShellScriptBuildPhase;
			buildActionMask = 2147483647;
			files = (
			);
			inputPaths = (
			);
			name = "Check Pods Manifest.lock";
			outputPaths = (
			);
			runOnlyForDeploymentPostprocessing = 0;
			shellPath = /bin/sh;
			shellScript = "diff \"${PODS_ROOT}/../Podfile.lock\" \"${PODS_ROOT}/Manifest.lock\" > /dev/null\nif [[ $? != 0 ]] ; then\n    cat << EOM\nerror: The sandbox is not in sync with the Podfile.lock. Run 'pod install' or update your CocoaPods installation.\nEOM\n    exit 1\nfi\n";
			showEnvVarsInLog = 0;
		};
/* End PBXShellScriptBuildPhase section */

/* Begin PBXSourcesBuildPhase section */
		C36B4A7D1B786D110040FDF0 /* Sources */ = {
			isa = PBXSourcesBuildPhase;
			buildActionMask = 2147483647;
			files = (
				C36B4A921B786D120040FDF0 /* ChoreWars.xcdatamodeld in Sources */,
				C36B4A8C1B786D120040FDF0 /* TeamHomeViewController.m in Sources */,
				C3F853181BA3A56700007F57 /* Roommate.m in Sources */,
				C3F8531E1BA3A56700007F57 /* Chore.m in Sources */,
				C34D3AEC1B9178FF0018B5BA /* TeamStartCompetitionViewController.m in Sources */,
				C3207AE41B82A4C30066F4E8 /* ManageRoommatesViewController.m in Sources */,
				C3F853211BA3AA8800007F57 /* ManageEntitiesViewController.m in Sources */,
				C3F8531C1BA3A56700007F57 /* Team.m in Sources */,
				C34D3AE91B91765A0018B5BA /* TeamPickChoresViewController.m in Sources */,
				C34D3AEF1B917F9E0018B5BA /* TeamNewChoreViewController.m in Sources */,
				C3F8531D1BA3A56700007F57 /* Chore+CoreDataProperties.m in Sources */,
				C3948B7F1BAA540F006528C9 /* TeamAssignedChoresTableViewController.m in Sources */,
				C36B4A891B786D120040FDF0 /* AppDelegate.m in Sources */,
				C31AC8AA1B7D311F0077F20B /* CoreDataManager.m in Sources */,
				C3207AED1B855FF90066F4E8 /* TeamView.m in Sources */,
				C36B4A861B786D120040FDF0 /* main.m in Sources */,
				C3F853171BA3A56700007F57 /* Roommate+CoreDataProperties.m in Sources */,
				C36B4ABC1B786FEE0040FDF0 /* EntityView.m in Sources */,
				C3207AE11B82915F0066F4E8 /* LoginViewController.m in Sources */,
				C3F853191BA3A56700007F57 /* Competition+CoreDataProperties.m in Sources */,
				C3F8531A1BA3A56700007F57 /* Competition.m in Sources */,
				C3F8531B1BA3A56700007F57 /* Team+CoreDataProperties.m in Sources */,
				C3207AE71B82C4760066F4E8 /* NewRoommateViewController.m in Sources */,
			);
			runOnlyForDeploymentPostprocessing = 0;
		};
		C36B4A991B786D120040FDF0 /* Sources */ = {
			isa = PBXSourcesBuildPhase;
			buildActionMask = 2147483647;
			files = (
				C36B4AA21B786D120040FDF0 /* ChoreWarsTests.m in Sources */,
			);
			runOnlyForDeploymentPostprocessing = 0;
		};
		C36B4AA41B786D120040FDF0 /* Sources */ = {
			isa = PBXSourcesBuildPhase;
			buildActionMask = 2147483647;
			files = (
				C36B4AAD1B786D120040FDF0 /* ChoreWarsUITests.m in Sources */,
			);
			runOnlyForDeploymentPostprocessing = 0;
		};
/* End PBXSourcesBuildPhase section */

/* Begin PBXTargetDependency section */
		C36B4A9F1B786D120040FDF0 /* PBXTargetDependency */ = {
			isa = PBXTargetDependency;
			target = C36B4A801B786D110040FDF0 /* ChoreWars */;
			targetProxy = C36B4A9E1B786D120040FDF0 /* PBXContainerItemProxy */;
		};
		C36B4AAA1B786D120040FDF0 /* PBXTargetDependency */ = {
			isa = PBXTargetDependency;
			target = C36B4A801B786D110040FDF0 /* ChoreWars */;
			targetProxy = C36B4AA91B786D120040FDF0 /* PBXContainerItemProxy */;
		};
/* End PBXTargetDependency section */

/* Begin PBXVariantGroup section */
		C36B4A8D1B786D120040FDF0 /* Main.storyboard */ = {
			isa = PBXVariantGroup;
			children = (
				C36B4A8E1B786D120040FDF0 /* Base */,
			);
			name = Main.storyboard;
			sourceTree = "<group>";
		};
		C36B4A951B786D120040FDF0 /* LaunchScreen.storyboard */ = {
			isa = PBXVariantGroup;
			children = (
				C36B4A961B786D120040FDF0 /* Base */,
			);
			name = LaunchScreen.storyboard;
			sourceTree = "<group>";
		};
/* End PBXVariantGroup section */

/* Begin XCBuildConfiguration section */
		C36B4AAF1B786D120040FDF0 /* Debug */ = {
			isa = XCBuildConfiguration;
			buildSettings = {
				ALWAYS_SEARCH_USER_PATHS = NO;
				CLANG_CXX_LANGUAGE_STANDARD = "gnu++0x";
				CLANG_CXX_LIBRARY = "libc++";
				CLANG_ENABLE_MODULES = YES;
				CLANG_ENABLE_OBJC_ARC = YES;
				CLANG_WARN_BOOL_CONVERSION = YES;
				CLANG_WARN_CONSTANT_CONVERSION = YES;
				CLANG_WARN_DIRECT_OBJC_ISA_USAGE = YES_ERROR;
				CLANG_WARN_EMPTY_BODY = YES;
				CLANG_WARN_ENUM_CONVERSION = YES;
				CLANG_WARN_INT_CONVERSION = YES;
				CLANG_WARN_OBJC_ROOT_CLASS = YES_ERROR;
				CLANG_WARN_UNREACHABLE_CODE = YES;
				CLANG_WARN__DUPLICATE_METHOD_MATCH = YES;
				"CODE_SIGN_IDENTITY[sdk=iphoneos*]" = "iPhone Developer";
				COPY_PHASE_STRIP = NO;
				DEBUG_INFORMATION_FORMAT = dwarf;
				ENABLE_STRICT_OBJC_MSGSEND = YES;
				ENABLE_TESTABILITY = YES;
				GCC_C_LANGUAGE_STANDARD = gnu99;
				GCC_DYNAMIC_NO_PIC = NO;
				GCC_NO_COMMON_BLOCKS = YES;
				GCC_OPTIMIZATION_LEVEL = 0;
				GCC_PREPROCESSOR_DEFINITIONS = (
					"DEBUG=1",
					"$(inherited)",
				);
				GCC_WARN_64_TO_32_BIT_CONVERSION = YES;
				GCC_WARN_ABOUT_RETURN_TYPE = YES_ERROR;
				GCC_WARN_UNDECLARED_SELECTOR = YES;
				GCC_WARN_UNINITIALIZED_AUTOS = YES_AGGRESSIVE;
				GCC_WARN_UNUSED_FUNCTION = YES;
				GCC_WARN_UNUSED_VARIABLE = YES;
				IPHONEOS_DEPLOYMENT_TARGET = 9.0;
				MTL_ENABLE_DEBUG_INFO = YES;
				ONLY_ACTIVE_ARCH = YES;
				SDKROOT = iphoneos;
				TARGETED_DEVICE_FAMILY = "1,2";
			};
			name = Debug;
		};
		C36B4AB01B786D120040FDF0 /* Release */ = {
			isa = XCBuildConfiguration;
			buildSettings = {
				ALWAYS_SEARCH_USER_PATHS = NO;
				CLANG_CXX_LANGUAGE_STANDARD = "gnu++0x";
				CLANG_CXX_LIBRARY = "libc++";
				CLANG_ENABLE_MODULES = YES;
				CLANG_ENABLE_OBJC_ARC = YES;
				CLANG_WARN_BOOL_CONVERSION = YES;
				CLANG_WARN_CONSTANT_CONVERSION = YES;
				CLANG_WARN_DIRECT_OBJC_ISA_USAGE = YES_ERROR;
				CLANG_WARN_EMPTY_BODY = YES;
				CLANG_WARN_ENUM_CONVERSION = YES;
				CLANG_WARN_INT_CONVERSION = YES;
				CLANG_WARN_OBJC_ROOT_CLASS = YES_ERROR;
				CLANG_WARN_UNREACHABLE_CODE = YES;
				CLANG_WARN__DUPLICATE_METHOD_MATCH = YES;
				"CODE_SIGN_IDENTITY[sdk=iphoneos*]" = "iPhone Developer";
				COPY_PHASE_STRIP = NO;
				DEBUG_INFORMATION_FORMAT = "dwarf-with-dsym";
				ENABLE_NS_ASSERTIONS = NO;
				ENABLE_STRICT_OBJC_MSGSEND = YES;
				GCC_C_LANGUAGE_STANDARD = gnu99;
				GCC_NO_COMMON_BLOCKS = YES;
				GCC_WARN_64_TO_32_BIT_CONVERSION = YES;
				GCC_WARN_ABOUT_RETURN_TYPE = YES_ERROR;
				GCC_WARN_UNDECLARED_SELECTOR = YES;
				GCC_WARN_UNINITIALIZED_AUTOS = YES_AGGRESSIVE;
				GCC_WARN_UNUSED_FUNCTION = YES;
				GCC_WARN_UNUSED_VARIABLE = YES;
				IPHONEOS_DEPLOYMENT_TARGET = 9.0;
				MTL_ENABLE_DEBUG_INFO = NO;
				SDKROOT = iphoneos;
				TARGETED_DEVICE_FAMILY = "1,2";
				VALIDATE_PRODUCT = YES;
			};
			name = Release;
		};
		C36B4AB21B786D120040FDF0 /* Debug */ = {
			isa = XCBuildConfiguration;
			baseConfigurationReference = 179C6B3F426472528DF2FF0B /* Pods-ChoreWars.debug.xcconfig */;
			buildSettings = {
				ASSETCATALOG_COMPILER_APPICON_NAME = AppIcon;
				CODE_SIGN_IDENTITY = "iPhone Developer";
				"CODE_SIGN_IDENTITY[sdk=iphoneos*]" = "iPhone Developer";
				INFOPLIST_FILE = ChoreWars/Info.plist;
				LD_RUNPATH_SEARCH_PATHS = "$(inherited) @executable_path/Frameworks";
				PRODUCT_BUNDLE_IDENTIFIER = madebydouglas.ChoreWars;
				PRODUCT_NAME = "$(TARGET_NAME)";
				PROVISIONING_PROFILE = "";
			};
			name = Debug;
		};
		C36B4AB31B786D120040FDF0 /* Release */ = {
			isa = XCBuildConfiguration;
			baseConfigurationReference = A6189DE67F848FD886C8985A /* Pods-ChoreWars.release.xcconfig */;
			buildSettings = {
				ASSETCATALOG_COMPILER_APPICON_NAME = AppIcon;
				CODE_SIGN_IDENTITY = "iPhone Developer";
				"CODE_SIGN_IDENTITY[sdk=iphoneos*]" = "iPhone Developer";
				INFOPLIST_FILE = ChoreWars/Info.plist;
				LD_RUNPATH_SEARCH_PATHS = "$(inherited) @executable_path/Frameworks";
				PRODUCT_BUNDLE_IDENTIFIER = madebydouglas.ChoreWars;
				PRODUCT_NAME = "$(TARGET_NAME)";
				PROVISIONING_PROFILE = "";
			};
			name = Release;
		};
		C36B4AB51B786D120040FDF0 /* Debug */ = {
			isa = XCBuildConfiguration;
			buildSettings = {
				BUNDLE_LOADER = "$(TEST_HOST)";
				INFOPLIST_FILE = ChoreWarsTests/Info.plist;
				LD_RUNPATH_SEARCH_PATHS = "$(inherited) @executable_path/Frameworks @loader_path/Frameworks";
				PRODUCT_BUNDLE_IDENTIFIER = madebydouglas.ChoreWarsTests;
				PRODUCT_NAME = "$(TARGET_NAME)";
				TEST_HOST = "$(BUILT_PRODUCTS_DIR)/ChoreWars.app/ChoreWars";
			};
			name = Debug;
		};
		C36B4AB61B786D120040FDF0 /* Release */ = {
			isa = XCBuildConfiguration;
			buildSettings = {
				BUNDLE_LOADER = "$(TEST_HOST)";
				INFOPLIST_FILE = ChoreWarsTests/Info.plist;
				LD_RUNPATH_SEARCH_PATHS = "$(inherited) @executable_path/Frameworks @loader_path/Frameworks";
				PRODUCT_BUNDLE_IDENTIFIER = madebydouglas.ChoreWarsTests;
				PRODUCT_NAME = "$(TARGET_NAME)";
				TEST_HOST = "$(BUILT_PRODUCTS_DIR)/ChoreWars.app/ChoreWars";
			};
			name = Release;
		};
		C36B4AB81B786D120040FDF0 /* Debug */ = {
			isa = XCBuildConfiguration;
			buildSettings = {
				INFOPLIST_FILE = ChoreWarsUITests/Info.plist;
				LD_RUNPATH_SEARCH_PATHS = "$(inherited) @executable_path/Frameworks @loader_path/Frameworks";
				PRODUCT_BUNDLE_IDENTIFIER = madebydouglas.ChoreWarsUITests;
				PRODUCT_NAME = "$(TARGET_NAME)";
				TEST_TARGET_NAME = ChoreWars;
				USES_XCTRUNNER = YES;
			};
			name = Debug;
		};
		C36B4AB91B786D120040FDF0 /* Release */ = {
			isa = XCBuildConfiguration;
			buildSettings = {
				INFOPLIST_FILE = ChoreWarsUITests/Info.plist;
				LD_RUNPATH_SEARCH_PATHS = "$(inherited) @executable_path/Frameworks @loader_path/Frameworks";
				PRODUCT_BUNDLE_IDENTIFIER = madebydouglas.ChoreWarsUITests;
				PRODUCT_NAME = "$(TARGET_NAME)";
				TEST_TARGET_NAME = ChoreWars;
				USES_XCTRUNNER = YES;
			};
			name = Release;
		};
/* End XCBuildConfiguration section */

/* Begin XCConfigurationList section */
		C36B4A7C1B786D110040FDF0 /* Build configuration list for PBXProject "ChoreWars" */ = {
			isa = XCConfigurationList;
			buildConfigurations = (
				C36B4AAF1B786D120040FDF0 /* Debug */,
				C36B4AB01B786D120040FDF0 /* Release */,
			);
			defaultConfigurationIsVisible = 0;
			defaultConfigurationName = Release;
		};
		C36B4AB11B786D120040FDF0 /* Build configuration list for PBXNativeTarget "ChoreWars" */ = {
			isa = XCConfigurationList;
			buildConfigurations = (
				C36B4AB21B786D120040FDF0 /* Debug */,
				C36B4AB31B786D120040FDF0 /* Release */,
			);
			defaultConfigurationIsVisible = 0;
			defaultConfigurationName = Release;
		};
		C36B4AB41B786D120040FDF0 /* Build configuration list for PBXNativeTarget "ChoreWarsTests" */ = {
			isa = XCConfigurationList;
			buildConfigurations = (
				C36B4AB51B786D120040FDF0 /* Debug */,
				C36B4AB61B786D120040FDF0 /* Release */,
			);
			defaultConfigurationIsVisible = 0;
			defaultConfigurationName = Release;
		};
		C36B4AB71B786D120040FDF0 /* Build configuration list for PBXNativeTarget "ChoreWarsUITests" */ = {
			isa = XCConfigurationList;
			buildConfigurations = (
				C36B4AB81B786D120040FDF0 /* Debug */,
				C36B4AB91B786D120040FDF0 /* Release */,
			);
			defaultConfigurationIsVisible = 0;
			defaultConfigurationName = Release;
		};
/* End XCConfigurationList section */

/* Begin XCVersionGroup section */
		C36B4A901B786D120040FDF0 /* ChoreWars.xcdatamodeld */ = {
			isa = XCVersionGroup;
			children = (
				C36B4A911B786D120040FDF0 /* ChoreWars.xcdatamodel */,
			);
			currentVersion = C36B4A911B786D120040FDF0 /* ChoreWars.xcdatamodel */;
			name = ChoreWars.xcdatamodeld;
			path = ChoreWars/ChoreWars.xcdatamodeld;
			sourceTree = "<group>";
			versionGroupType = wrapper.xcdatamodel;
		};
/* End XCVersionGroup section */
	};
	rootObject = C36B4A791B786D110040FDF0 /* Project object */;
}
